
Microsoft Visual Studio Solution File, Format Version 12.00
# Visual Studio Version 16
VisualStudioVersion = 16.0.33130.400
MinimumVisualStudioVersion = 10.0.40219.1
Project("{9A19103F-16F7-4668-BE54-9A1E7A4F7556}") = "Assignment5_Q2", "Assiongment5_Q1\Assignment5_Q2.csproj", "{2BEA3BB1-6DD1-4B88-92E1-A08828AB3053}"
EndProject
Global
	GlobalSection(SolutionConfigurationPlatforms) = preSolution
		Debug|Any CPU = Debug|Any CPU
		Release|Any CPU = Release|Any CPU
	EndGlobalSection
	GlobalSection(ProjectConfigurationPlatforms) = postSolution
		{2BEA3BB1-6DD1-4B88-92E1-A08828AB3053}.Debug|Any CPU.ActiveCfg = Debug|Any CPU
		{2BEA3BB1-6DD1-4B88-92E1-A08828AB3053}.Debug|Any CPU.Build.0 = Debug|Any CPU
		{2BEA3BB1-6DD1-4B88-92E1-A08828AB3053}.Release|Any CPU.ActiveCfg = Release|Any CPU
		{2BEA3BB1-6DD1-4B88-92E1-A08828AB3053}.Release|Any CPU.Build.0 = Release|Any CPU
	EndGlobalSection
	GlobalSection(SolutionProperties) = preSolution
		HideSolutionNode = FALSE
	EndGlobalSection
	GlobalSection(ExtensibilityGlobals) = postSolution
		SolutionGuid = {385F0407-3BED-458A-B193-DC97FF995742}
	EndGlobalSection
EndGlobal
